
Microsoft Visual Studio Solution File, Format Version 12.00
# Visual Studio Version 17
VisualStudioVersion = 17.0.31919.166
MinimumVisualStudioVersion = 10.0.40219.1
Project("{FAE04EC0-301F-11D3-BF4B-00C04F79EFBC}") = "Homework4", "Homework4\Homework4.csproj", "{27D0693D-D2A7-4F42-A880-BCE3A5C953C9}"
EndProject
Project("{FAE04EC0-301F-11D3-BF4B-00C04F79EFBC}") = "Pascal", "Pascal\Pascal.csproj", "{9C5B9AEA-929C-423C-8E61-2ACE3EB1A912}"
EndProject
Project("{FAE04EC0-301F-11D3-BF4B-00C04F79EFBC}") = "Matrix", "Matrix\Matrix.csproj", "{62D6AE40-4AF9-4311-B624-F982E58D06B6}"
EndProject
Global
	GlobalSection(SolutionConfigurationPlatforms) = preSolution
		Debug|Any CPU = Debug|Any CPU
		Release|Any CPU = Release|Any CPU
	EndGlobalSection
	GlobalSection(ProjectConfigurationPlatforms) = postSolution
		{27D0693D-D2A7-4F42-A880-BCE3A5C953C9}.Debug|Any CPU.ActiveCfg = Debug|Any CPU
		{27D0693D-D2A7-4F42-A880-BCE3A5C953C9}.Debug|Any CPU.Build.0 = Debug|Any CPU
		{27D0693D-D2A7-4F42-A880-BCE3A5C953C9}.Release|Any CPU.ActiveCfg = Release|Any CPU
		{27D0693D-D2A7-4F42-A880-BCE3A5C953C9}.Release|Any CPU.Build.0 = Release|Any CPU
		{9C5B9AEA-929C-423C-8E61-2ACE3EB1A912}.Debug|Any CPU.ActiveCfg = Debug|Any CPU
		{9C5B9AEA-929C-423C-8E61-2ACE3EB1A912}.Debug|Any CPU.Build.0 = Debug|Any CPU
		{9C5B9AEA-929C-423C-8E61-2ACE3EB1A912}.Release|Any CPU.ActiveCfg = Release|Any CPU
		{9C5B9AEA-929C-423C-8E61-2ACE3EB1A912}.Release|Any CPU.Build.0 = Release|Any CPU
		{62D6AE40-4AF9-4311-B624-F982E58D06B6}.Debug|Any CPU.ActiveCfg = Debug|Any CPU
		{62D6AE40-4AF9-4311-B624-F982E58D06B6}.Debug|Any CPU.Build.0 = Debug|Any CPU
		{62D6AE40-4AF9-4311-B624-F982E58D06B6}.Release|Any CPU.ActiveCfg = Release|Any CPU
		{62D6AE40-4AF9-4311-B624-F982E58D06B6}.Release|Any CPU.Build.0 = Release|Any CPU
	EndGlobalSection
	GlobalSection(SolutionProperties) = preSolution
		HideSolutionNode = FALSE
	EndGlobalSection
	GlobalSection(ExtensibilityGlobals) = postSolution
		SolutionGuid = {7254304C-7434-4EA4-8F80-D8C56BF72D17}
	EndGlobalSection
EndGlobal
